
Microsoft Visual Studio Solution File, Format Version 12.00
# Visual Studio 15
VisualStudioVersion = 15.0.28307.168
MinimumVisualStudioVersion = 10.0.40219.1
Project("{FAE04EC0-301F-11D3-BF4B-00C04F79EFBC}") = "week3-726407", "week3-726407\week3-726407.csproj", "{8047E77E-E445-4009-9F3E-805239FCBD8E}"
EndProject
Global
	GlobalSection(SolutionConfigurationPlatforms) = preSolution
		Debug|Any CPU = Debug|Any CPU
		Release|Any CPU = Release|Any CPU
	EndGlobalSection
	GlobalSection(ProjectConfigurationPlatforms) = postSolution
		{8047E77E-E445-4009-9F3E-805239FCBD8E}.Debug|Any CPU.ActiveCfg = Debug|Any CPU
		{8047E77E-E445-4009-9F3E-805239FCBD8E}.Debug|Any CPU.Build.0 = Debug|Any CPU
		{8047E77E-E445-4009-9F3E-805239FCBD8E}.Release|Any CPU.ActiveCfg = Release|Any CPU
		{8047E77E-E445-4009-9F3E-805239FCBD8E}.Release|Any CPU.Build.0 = Release|Any CPU
	EndGlobalSection
	GlobalSection(SolutionProperties) = preSolution
		HideSolutionNode = FALSE
	EndGlobalSection
	GlobalSection(ExtensibilityGlobals) = postSolution
		SolutionGuid = {4837A8DC-08C6-4C30-B4F6-8DD0D9DA8EF5}
	EndGlobalSection
EndGlobal
